
Microsoft Visual Studio Solution File, Format Version 11.00
# Visual Studio 2010
Project("{FAE04EC0-301F-11D3-BF4B-00C04F79EFBC}") = "Assembly-CSharp", "Assembly-CSharp.csproj", "{0EB5F87F-D67E-74C7-A680-2A7471C2CEB8}"
EndProject
Project("{FAE04EC0-301F-11D3-BF4B-00C04F79EFBC}") = "Unity.2D.Tilemap.Extras", "Unity.2D.Tilemap.Extras.csproj", "{BF201BEB-38A1-75B0-AE0B-22CBF1E5980D}"
EndProject
Project("{FAE04EC0-301F-11D3-BF4B-00C04F79EFBC}") = "Unity.2D.Tilemap.Extras.Editor", "Unity.2D.Tilemap.Extras.Editor.csproj", "{8E912999-8B1F-6700-1700-B2DBBBFA51E8}"
EndProject
Project("{FAE04EC0-301F-11D3-BF4B-00C04F79EFBC}") = "Assembly-CSharp-Editor", "Assembly-CSharp-Editor.csproj", "{5C3718D7-48EC-D5CD-CCC6-C233BE58E32F}"
EndProject
Project("{FAE04EC0-301F-11D3-BF4B-00C04F79EFBC}") = "Unity.2D.Tilemap.Extras.Placeholder.EditorTests", "Unity.2D.Tilemap.Extras.Placeholder.EditorTests.csproj", "{35A205C7-D306-4A89-6F95-52BECFBF86B1}"
EndProject
Global
	GlobalSection(SolutionConfigurationPlatforms) = preSolution
		Debug|Any CPU = Debug|Any CPU
		Release|Any CPU = Release|Any CPU
	EndGlobalSection
	GlobalSection(ProjectConfigurationPlatforms) = postSolution
		{0EB5F87F-D67E-74C7-A680-2A7471C2CEB8}.Debug|Any CPU.ActiveCfg = Debug|Any CPU
		{0EB5F87F-D67E-74C7-A680-2A7471C2CEB8}.Debug|Any CPU.Build.0 = Debug|Any CPU
		{0EB5F87F-D67E-74C7-A680-2A7471C2CEB8}.Release|Any CPU.ActiveCfg = Release|Any CPU
		{0EB5F87F-D67E-74C7-A680-2A7471C2CEB8}.Release|Any CPU.Build.0 = Release|Any CPU
		{BF201BEB-38A1-75B0-AE0B-22CBF1E5980D}.Debug|Any CPU.ActiveCfg = Debug|Any CPU
		{BF201BEB-38A1-75B0-AE0B-22CBF1E5980D}.Debug|Any CPU.Build.0 = Debug|Any CPU
		{BF201BEB-38A1-75B0-AE0B-22CBF1E5980D}.Release|Any CPU.ActiveCfg = Release|Any CPU
		{BF201BEB-38A1-75B0-AE0B-22CBF1E5980D}.Release|Any CPU.Build.0 = Release|Any CPU
		{8E912999-8B1F-6700-1700-B2DBBBFA51E8}.Debug|Any CPU.ActiveCfg = Debug|Any CPU
		{8E912999-8B1F-6700-1700-B2DBBBFA51E8}.Debug|Any CPU.Build.0 = Debug|Any CPU
		{8E912999-8B1F-6700-1700-B2DBBBFA51E8}.Release|Any CPU.ActiveCfg = Release|Any CPU
		{8E912999-8B1F-6700-1700-B2DBBBFA51E8}.Release|Any CPU.Build.0 = Release|Any CPU
		{5C3718D7-48EC-D5CD-CCC6-C233BE58E32F}.Debug|Any CPU.ActiveCfg = Debug|Any CPU
		{5C3718D7-48EC-D5CD-CCC6-C233BE58E32F}.Debug|Any CPU.Build.0 = Debug|Any CPU
		{5C3718D7-48EC-D5CD-CCC6-C233BE58E32F}.Release|Any CPU.ActiveCfg = Release|Any CPU
		{5C3718D7-48EC-D5CD-CCC6-C233BE58E32F}.Release|Any CPU.Build.0 = Release|Any CPU
		{35A205C7-D306-4A89-6F95-52BECFBF86B1}.Debug|Any CPU.ActiveCfg = Debug|Any CPU
		{35A205C7-D306-4A89-6F95-52BECFBF86B1}.Debug|Any CPU.Build.0 = Debug|Any CPU
		{35A205C7-D306-4A89-6F95-52BECFBF86B1}.Release|Any CPU.ActiveCfg = Release|Any CPU
		{35A205C7-D306-4A89-6F95-52BECFBF86B1}.Release|Any CPU.Build.0 = Release|Any CPU
	EndGlobalSection
	GlobalSection(SolutionProperties) = preSolution
		HideSolutionNode = FALSE
	EndGlobalSection
EndGlobal
